
Microsoft Visual Studio Solution File, Format Version 12.00
# Visual Studio 15
VisualStudioVersion = 15.0.26730.16
MinimumVisualStudioVersion = 10.0.40219.1
Project("{FAE04EC0-301F-11D3-BF4B-00C04F79EFBC}") = "BomberMan", "BomberMan.csproj", "{3B408CB7-082E-417C-B5CB-8675872E1C05}"
EndProject
Project("{FAE04EC0-301F-11D3-BF4B-00C04F79EFBC}") = "BehaviourEngine", "..\BehaviourEngine\BehaviourEngine.csproj", "{99881EEB-2DE4-4B80-B7AF-07124ABEEAD3}"
EndProject
Global
	GlobalSection(SolutionConfigurationPlatforms) = preSolution
		Debug|Any CPU = Debug|Any CPU
		Release|Any CPU = Release|Any CPU
	EndGlobalSection
	GlobalSection(ProjectConfigurationPlatforms) = postSolution
		{3B408CB7-082E-417C-B5CB-8675872E1C05}.Debug|Any CPU.ActiveCfg = Debug|Any CPU
		{3B408CB7-082E-417C-B5CB-8675872E1C05}.Debug|Any CPU.Build.0 = Debug|Any CPU
		{3B408CB7-082E-417C-B5CB-8675872E1C05}.Release|Any CPU.ActiveCfg = Release|Any CPU
		{3B408CB7-082E-417C-B5CB-8675872E1C05}.Release|Any CPU.Build.0 = Release|Any CPU
		{99881EEB-2DE4-4B80-B7AF-07124ABEEAD3}.Debug|Any CPU.ActiveCfg = Debug|Any CPU
		{99881EEB-2DE4-4B80-B7AF-07124ABEEAD3}.Debug|Any CPU.Build.0 = Debug|Any CPU
		{99881EEB-2DE4-4B80-B7AF-07124ABEEAD3}.Release|Any CPU.ActiveCfg = Release|Any CPU
		{99881EEB-2DE4-4B80-B7AF-07124ABEEAD3}.Release|Any CPU.Build.0 = Release|Any CPU
	EndGlobalSection
	GlobalSection(SolutionProperties) = preSolution
		HideSolutionNode = FALSE
	EndGlobalSection
	GlobalSection(ExtensibilityGlobals) = postSolution
		SolutionGuid = {56B23EC8-4A45-4B9C-861E-4BFB0C355DAE}
	EndGlobalSection
EndGlobal
